Microsoft Visual Studio Solution File, Format Version 11.00
# Visual Studio 2008

Project("{324C08D3-7FA4-0D01-7B44-84334FA61990}") = "EstoyDespierto", "Assembly-CSharp-firstpass.csproj", "{DF06DBCC-C8AC-F59F-7222-308660A2BBAE}"
EndProject
Project("{324C08D3-7FA4-0D01-7B44-84334FA61990}") = "EstoyDespierto", "Assembly-CSharp.csproj", "{52D5278D-8D70-83AF-9D97-DD7D1611B2F4}"
EndProject
Project("{324C08D3-7FA4-0D01-7B44-84334FA61990}") = "EstoyDespierto", "Assembly-UnityScript-firstpass.unityproj", "{57F7F5A5-17D3-7C0B-61F0-8ABE10B8AD38}"
EndProject
Global
	GlobalSection(SolutionConfigurationPlatforms) = preSolution
		Debug|Any CPU = Debug|Any CPU
		Release|Any CPU = Release|Any CPU
	EndGlobalSection
	GlobalSection(ProjectConfigurationPlatforms) = postSolution
		{DF06DBCC-C8AC-F59F-7222-308660A2BBAE}.Debug|Any CPU.ActiveCfg = Debug|Any CPU
		{DF06DBCC-C8AC-F59F-7222-308660A2BBAE}.Debug|Any CPU.Build.0 = Debug|Any CPU
		{DF06DBCC-C8AC-F59F-7222-308660A2BBAE}.Release|Any CPU.ActiveCfg = Release|Any CPU
		{DF06DBCC-C8AC-F59F-7222-308660A2BBAE}.Release|Any CPU.Build.0 = Release|Any CPU
		{52D5278D-8D70-83AF-9D97-DD7D1611B2F4}.Debug|Any CPU.ActiveCfg = Debug|Any CPU
		{52D5278D-8D70-83AF-9D97-DD7D1611B2F4}.Debug|Any CPU.Build.0 = Debug|Any CPU
		{52D5278D-8D70-83AF-9D97-DD7D1611B2F4}.Release|Any CPU.ActiveCfg = Release|Any CPU
		{52D5278D-8D70-83AF-9D97-DD7D1611B2F4}.Release|Any CPU.Build.0 = Release|Any CPU
		{57F7F5A5-17D3-7C0B-61F0-8ABE10B8AD38}.Debug|Any CPU.ActiveCfg = Debug|Any CPU
		{57F7F5A5-17D3-7C0B-61F0-8ABE10B8AD38}.Debug|Any CPU.Build.0 = Debug|Any CPU
		{57F7F5A5-17D3-7C0B-61F0-8ABE10B8AD38}.Release|Any CPU.ActiveCfg = Release|Any CPU
		{57F7F5A5-17D3-7C0B-61F0-8ABE10B8AD38}.Release|Any CPU.Build.0 = Release|Any CPU
	EndGlobalSection
	GlobalSection(SolutionProperties) = preSolution
		HideSolutionNode = FALSE
	EndGlobalSection
																																								GlobalSection(MonoDevelopProperties) = preSolution
		StartupItem = Assembly-CSharp.csproj
		Policies = $0
		$0.TextStylePolicy = $1
		$1.inheritsSet = null
		$1.scope = text/x-csharp
		$0.CSharpFormattingPolicy = $2
		$2.inheritsSet = Mono
		$2.inheritsScope = text/x-csharp
		$2.scope = text/x-csharp
		$0.TextStylePolicy = $3
		$3.FileWidth = 120
		$3.TabWidth = 4
		$3.EolMarker = Unix
		$3.inheritsSet = Mono
		$3.inheritsScope = text/plain
		$3.scope = text/plain
	EndGlobalSection

EndGlobal
